
Microsoft Visual Studio Solution File, Format Version 12.00
# Visual Studio Version 16
VisualStudioVersion = 16.0.32901.82
MinimumVisualStudioVersion = 10.0.40219.1
Project("{FAE04EC0-301F-11D3-BF4B-00C04F79EFBC}") = "YemekCV", "YemekCV\YemekCV.csproj", "{759134AB-FF52-40D9-B06D-8B048855FBD8}"
EndProject
Global
	GlobalSection(SolutionConfigurationPlatforms) = preSolution
		Debug|Any CPU = Debug|Any CPU
		Release|Any CPU = Release|Any CPU
	EndGlobalSection
	GlobalSection(ProjectConfigurationPlatforms) = postSolution
		{759134AB-FF52-40D9-B06D-8B048855FBD8}.Debug|Any CPU.ActiveCfg = Debug|Any CPU
		{759134AB-FF52-40D9-B06D-8B048855FBD8}.Debug|Any CPU.Build.0 = Debug|Any CPU
		{759134AB-FF52-40D9-B06D-8B048855FBD8}.Release|Any CPU.ActiveCfg = Release|Any CPU
		{759134AB-FF52-40D9-B06D-8B048855FBD8}.Release|Any CPU.Build.0 = Release|Any CPU
	EndGlobalSection
	GlobalSection(SolutionProperties) = preSolution
		HideSolutionNode = FALSE
	EndGlobalSection
	GlobalSection(ExtensibilityGlobals) = postSolution
		SolutionGuid = {41B2EFA6-68D5-4CE3-819F-9ED0B7DBA5A1}
	EndGlobalSection
EndGlobal
